// !$*UTF8*$!
{
	archiveVersion = 1;
	classes = {
	};
	objectVersion = 46;
	objects = {

/* Begin PBXBuildFile section */
		B60000FC15153A860012D82C /* CoreData.framework in Frameworks */ = {isa = PBXBuildFile; fileRef = B62CDE8C150D5A4100A2B191 /* CoreData.framework */; };
		B60000FD15153A860012D82C /* Foundation.framework in Frameworks */ = {isa = PBXBuildFile; fileRef = B62CDE4C150D4F0200A2B191 /* Foundation.framework */; };
		B600010D15153AC30012D82C /* mac-main.m in Sources */ = {isa = PBXBuildFile; fileRef = B600010C15153AC30012D82C /* mac-main.m */; };
		B600010E15153B020012D82C /* CoreDataBenchmark.m in Sources */ = {isa = PBXBuildFile; fileRef = B62CDE8A150D59AC00A2B191 /* CoreDataBenchmark.m */; };
		B600010F15153B080012D82C /* TVGuide.xcdatamodeld in Sources */ = {isa = PBXBuildFile; fileRef = B62CDEB9150D69C200A2B191 /* TVGuide.xcdatamodeld */; };
		B600011015153B0B0012D82C /* TVGuide-norelationships.xcdatamodeld in Sources */ = {isa = PBXBuildFile; fileRef = B622F8251514D7930045CBF8 /* TVGuide-norelationships.xcdatamodeld */; };
		B600011215153B220012D82C /* Benchmark.m in Sources */ = {isa = PBXBuildFile; fileRef = B62CDE81150D53E100A2B191 /* Benchmark.m */; };
		B600011315153BCC0012D82C /* sqlite3.c in Sources */ = {isa = PBXBuildFile; fileRef = B622F6D81514D4820045CBF8 /* sqlite3.c */; };
		B622F7A91514D4820045CBF8 /* sqlite3.c in Sources */ = {isa = PBXBuildFile; fileRef = B622F6D81514D4820045CBF8 /* sqlite3.c */; };
		B622F8271514D7930045CBF8 /* TVGuide-norelationships.xcdatamodeld in Sources */ = {isa = PBXBuildFile; fileRef = B622F8251514D7930045CBF8 /* TVGuide-norelationships.xcdatamodeld */; };
		B62CDE4B150D4F0200A2B191 /* UIKit.framework in Frameworks */ = {isa = PBXBuildFile; fileRef = B62CDE4A150D4F0200A2B191 /* UIKit.framework */; settings = {ATTRIBUTES = (Required, ); }; };
		B62CDE4D150D4F0200A2B191 /* Foundation.framework in Frameworks */ = {isa = PBXBuildFile; fileRef = B62CDE4C150D4F0200A2B191 /* Foundation.framework */; };
		B62CDE71150D4FAE00A2B191 /* AppDelegate.m in Sources */ = {isa = PBXBuildFile; fileRef = B62CDE6E150D4FAE00A2B191 /* AppDelegate.m */; };
		B62CDE72150D4FAE00A2B191 /* main.m in Sources */ = {isa = PBXBuildFile; fileRef = B62CDE6F150D4FAE00A2B191 /* main.m */; };
		B62CDE77150D505800A2B191 /* BenchmarkViewController.m in Sources */ = {isa = PBXBuildFile; fileRef = B62CDE75150D505800A2B191 /* BenchmarkViewController.m */; };
		B62CDE78150D505800A2B191 /* BenchmarkViewController.xib in Resources */ = {isa = PBXBuildFile; fileRef = B62CDE76150D505800A2B191 /* BenchmarkViewController.xib */; };
		B62CDE82150D53E100A2B191 /* Benchmark.m in Sources */ = {isa = PBXBuildFile; fileRef = B62CDE81150D53E100A2B191 /* Benchmark.m */; };
		B62CDE8B150D59AC00A2B191 /* CoreDataBenchmark.m in Sources */ = {isa = PBXBuildFile; fileRef = B62CDE8A150D59AC00A2B191 /* CoreDataBenchmark.m */; };
		B62CDE8D150D5A4100A2B191 /* CoreData.framework in Frameworks */ = {isa = PBXBuildFile; fileRef = B62CDE8C150D5A4100A2B191 /* CoreData.framework */; settings = {ATTRIBUTES = (Required, ); }; };
		B62CDEBB150D69C200A2B191 /* TVGuide.xcdatamodeld in Sources */ = {isa = PBXBuildFile; fileRef = B62CDEB9150D69C200A2B191 /* TVGuide.xcdatamodeld */; };
		B64B8C181514D91400BB48B7 /* SQLiteBenchmark.m in Sources */ = {isa = PBXBuildFile; fileRef = B64B8C171514D91400BB48B7 /* SQLiteBenchmark.m */; };
		B64B8C1B1514D93400BB48B7 /* TVGuide.sql in Resources */ = {isa = PBXBuildFile; fileRef = B64B8C1A1514D93400BB48B7 /* TVGuide.sql */; };
/* End PBXBuildFile section */

/* Begin PBXCopyFilesBuildPhase section */
		B60000F815153A850012D82C /* CopyFiles */ = {
			isa = PBXCopyFilesBuildPhase;
			buildActionMask = 2147483647;
			dstPath = /usr/share/man/man1/;
			dstSubfolderSpec = 0;
			files = (
			);
			runOnlyForDeploymentPostprocessing = 1;
		};
/* End PBXCopyFilesBuildPhase section */

/* Begin PBXFileReference section */
		B60000FA15153A850012D82C /* CoreData-Mac */ = {isa = PBXFileReference; explicitFileType = "compiled.mach-o.executable"; includeInIndex = 0; path = "CoreData-Mac"; sourceTree = BUILT_PRODUCTS_DIR; };
		B600010C15153AC30012D82C /* mac-main.m */ = {isa = PBXFileReference; fileEncoding = 4; lastKnownFileType = sourcecode.c.objc; path = "mac-main.m"; sourceTree = "<group>"; };
		B622F6D81514D4820045CBF8 /* sqlite3.c */ = {isa = PBXFileReference; fileEncoding = 4; lastKnownFileType = sourcecode.c.c; path = sqlite3.c; sourceTree = "<group>"; };
		B622F6D91514D4820045CBF8 /* sqlite3.h */ = {isa = PBXFileReference; fileEncoding = 4; lastKnownFileType = sourcecode.c.h; path = sqlite3.h; sourceTree = "<group>"; };
		B622F6DA1514D4820045CBF8 /* sqlite3ext.h */ = {isa = PBXFileReference; fileEncoding = 4; lastKnownFileType = sourcecode.c.h; path = sqlite3ext.h; sourceTree = "<group>"; };
		B622F8241514D5E80045CBF8 /* fetch.sh */ = {isa = PBXFileReference; lastKnownFileType = text.script.sh; path = fetch.sh; sourceTree = "<group>"; };
		B622F8261514D7930045CBF8 /* TVGuide-norelationships.xcdatamodel */ = {isa = PBXFileReference; lastKnownFileType = wrapper.xcdatamodel; path = "TVGuide-norelationships.xcdatamodel"; sourceTree = "<group>"; };
		B62CDE46150D4F0200A2B191 /* Core Data.app */ = {isa = PBXFileReference; explicitFileType = wrapper.application; includeInIndex = 0; path = "Core Data.app"; sourceTree = BUILT_PRODUCTS_DIR; };
		B62CDE4A150D4F0200A2B191 /* UIKit.framework */ = {isa = PBXFileReference; lastKnownFileType = wrapper.framework; name = UIKit.framework; path = System/Library/Frameworks/UIKit.framework; sourceTree = SDKROOT; };
		B62CDE4C150D4F0200A2B191 /* Foundation.framework */ = {isa = PBXFileReference; lastKnownFileType = wrapper.framework; name = Foundation.framework; path = System/Library/Frameworks/Foundation.framework; sourceTree = SDKROOT; };
		B62CDE4E150D4F0200A2B191 /* CoreGraphics.framework */ = {isa = PBXFileReference; lastKnownFileType = wrapper.framework; name = CoreGraphics.framework; path = System/Library/Frameworks/CoreGraphics.framework; sourceTree = SDKROOT; };
		B62CDE6B150D4FAE00A2B191 /* Info.plist */ = {isa = PBXFileReference; fileEncoding = 4; lastKnownFileType = text.plist.xml; path = Info.plist; sourceTree = "<group>"; };
		B62CDE6D150D4FAE00A2B191 /* AppDelegate.h */ = {isa = PBXFileReference; fileEncoding = 4; lastKnownFileType = sourcecode.c.h; path = AppDelegate.h; sourceTree = "<group>"; };
		B62CDE6E150D4FAE00A2B191 /* AppDelegate.m */ = {isa = PBXFileReference; fileEncoding = 4; lastKnownFileType = sourcecode.c.objc; path = AppDelegate.m; sourceTree = "<group>"; };
		B62CDE6F150D4FAE00A2B191 /* main.m */ = {isa = PBXFileReference; fileEncoding = 4; lastKnownFileType = sourcecode.c.objc; path = main.m; sourceTree = "<group>"; };
		B62CDE74150D505800A2B191 /* BenchmarkViewController.h */ = {isa = PBXFileReference; fileEncoding = 4; lastKnownFileType = sourcecode.c.h; path = BenchmarkViewController.h; sourceTree = "<group>"; };
		B62CDE75150D505800A2B191 /* BenchmarkViewController.m */ = {isa = PBXFileReference; fileEncoding = 4; lastKnownFileType = sourcecode.c.objc; path = BenchmarkViewController.m; sourceTree = "<group>"; };
		B62CDE76150D505800A2B191 /* BenchmarkViewController.xib */ = {isa = PBXFileReference; fileEncoding = 4; lastKnownFileType = file.xib; path = BenchmarkViewController.xib; sourceTree = "<group>"; };
		B62CDE80150D53E100A2B191 /* Benchmark.h */ = {isa = PBXFileReference; fileEncoding = 4; lastKnownFileType = sourcecode.c.h; path = Benchmark.h; sourceTree = "<group>"; };
		B62CDE81150D53E100A2B191 /* Benchmark.m */ = {isa = PBXFileReference; fileEncoding = 4; lastKnownFileType = sourcecode.c.objc; path = Benchmark.m; sourceTree = "<group>"; };
		B62CDE86150D544E00A2B191 /* Benchmark+Private.h */ = {isa = PBXFileReference; fileEncoding = 4; lastKnownFileType = sourcecode.c.h; path = "Benchmark+Private.h"; sourceTree = "<group>"; };
		B62CDE89150D59AC00A2B191 /* CoreDataBenchmark.h */ = {isa = PBXFileReference; fileEncoding = 4; lastKnownFileType = sourcecode.c.h; path = CoreDataBenchmark.h; sourceTree = "<group>"; };
		B62CDE8A150D59AC00A2B191 /* CoreDataBenchmark.m */ = {isa = PBXFileReference; fileEncoding = 4; lastKnownFileType = sourcecode.c.objc; path = CoreDataBenchmark.m; sourceTree = "<group>"; };
		B62CDE8C150D5A4100A2B191 /* CoreData.framework */ = {isa = PBXFileReference; lastKnownFileType = wrapper.framework; name = CoreData.framework; path = System/Library/Frameworks/CoreData.framework; sourceTree = SDKROOT; };
		B62CDEBA150D69C200A2B191 /* TVGuide.xcdatamodel */ = {isa = PBXFileReference; lastKnownFileType = wrapper.xcdatamodel; path = TVGuide.xcdatamodel; sourceTree = "<group>"; };
		B62CDEBC150D72AB00A2B191 /* Log.h */ = {isa = PBXFileReference; fileEncoding = 4; lastKnownFileType = sourcecode.c.h; path = Log.h; sourceTree = "<group>"; };
		B64B8C161514D91400BB48B7 /* SQLiteBenchmark.h */ = {isa = PBXFileReference; fileEncoding = 4; lastKnownFileType = sourcecode.c.h; path = SQLiteBenchmark.h; sourceTree = "<group>"; };
		B64B8C171514D91400BB48B7 /* SQLiteBenchmark.m */ = {isa = PBXFileReference; fileEncoding = 4; lastKnownFileType = sourcecode.c.objc; path = SQLiteBenchmark.m; sourceTree = "<group>"; };
		B64B8C1A1514D93400BB48B7 /* TVGuide.sql */ = {isa = PBXFileReference; fileEncoding = 4; lastKnownFileType = text; path = TVGuide.sql; sourceTree = "<group>"; };
/* End PBXFileReference section */

/* Begin PBXFrameworksBuildPhase section */
		B60000F715153A850012D82C /* Frameworks */ = {
			isa = PBXFrameworksBuildPhase;
			buildActionMask = 2147483647;
			files = (
				B60000FC15153A860012D82C /* CoreData.framework in Frameworks */,
				B60000FD15153A860012D82C /* Foundation.framework in Frameworks */,
			);
			runOnlyForDeploymentPostprocessing = 0;
		};
		B62CDE43150D4F0100A2B191 /* Frameworks */ = {
			isa = PBXFrameworksBuildPhase;
			buildActionMask = 2147483647;
			files = (
				B62CDE8D150D5A4100A2B191 /* CoreData.framework in Frameworks */,
				B62CDE4B150D4F0200A2B191 /* UIKit.framework in Frameworks */,
				B62CDE4D150D4F0200A2B191 /* Foundation.framework in Frameworks */,
			);
			runOnlyForDeploymentPostprocessing = 0;
		};
/* End PBXFrameworksBuildPhase section */

/* Begin PBXGroup section */
		B622F64A1514D4820045CBF8 /* Externals */ = {
			isa = PBXGroup;
			children = (
				B622F6D61514D4820045CBF8 /* SQLite */,
				B622F8241514D5E80045CBF8 /* fetch.sh */,
			);
			path = Externals;
			sourceTree = "<group>";
		};
		B622F6D61514D4820045CBF8 /* SQLite */ = {
			isa = PBXGroup;
			children = (
				B622F6D81514D4820045CBF8 /* sqlite3.c */,
				B622F6D91514D4820045CBF8 /* sqlite3.h */,
				B622F6DA1514D4820045CBF8 /* sqlite3ext.h */,
			);
			path = SQLite;
			sourceTree = "<group>";
		};
		B62CDE3B150D4F0100A2B191 = {
			isa = PBXGroup;
			children = (
				B622F64A1514D4820045CBF8 /* Externals */,
				B62CDE6C150D4FAE00A2B191 /* Source */,
				B62CDE6A150D4FAE00A2B191 /* Resources */,
				B62CDE49150D4F0200A2B191 /* Frameworks */,
				B62CDE47150D4F0200A2B191 /* Products */,
			);
			sourceTree = "<group>";
		};
		B62CDE47150D4F0200A2B191 /* Products */ = {
			isa = PBXGroup;
			children = (
				B62CDE46150D4F0200A2B191 /* Core Data.app */,
				B60000FA15153A850012D82C /* CoreData-Mac */,
			);
			name = Products;
			sourceTree = "<group>";
		};
		B62CDE49150D4F0200A2B191 /* Frameworks */ = {
			isa = PBXGroup;
			children = (
				B62CDE4A150D4F0200A2B191 /* UIKit.framework */,
				B62CDE4C150D4F0200A2B191 /* Foundation.framework */,
				B62CDE4E150D4F0200A2B191 /* CoreGraphics.framework */,
				B62CDE8C150D5A4100A2B191 /* CoreData.framework */,
			);
			name = Frameworks;
			sourceTree = "<group>";
		};
		B62CDE6A150D4FAE00A2B191 /* Resources */ = {
			isa = PBXGroup;
			children = (
				B62CDE6B150D4FAE00A2B191 /* Info.plist */,
			);
			path = Resources;
			sourceTree = "<group>";
		};
		B62CDE6C150D4FAE00A2B191 /* Source */ = {
			isa = PBXGroup;
			children = (
				B62CDE7C150D53B500A2B191 /* Benchmarks */,
				B62CDE73150D4FFF00A2B191 /* UI */,
				B62CDE6D150D4FAE00A2B191 /* AppDelegate.h */,
				B62CDE6E150D4FAE00A2B191 /* AppDelegate.m */,
				B600010C15153AC30012D82C /* mac-main.m */,
				B62CDE6F150D4FAE00A2B191 /* main.m */,
				B62CDEBC150D72AB00A2B191 /* Log.h */,
			);
			path = Source;
			sourceTree = "<group>";
		};
		B62CDE73150D4FFF00A2B191 /* UI */ = {
			isa = PBXGroup;
			children = (
				B62CDE74150D505800A2B191 /* BenchmarkViewController.h */,
				B62CDE75150D505800A2B191 /* BenchmarkViewController.m */,
				B62CDE76150D505800A2B191 /* BenchmarkViewController.xib */,
			);
			path = UI;
			sourceTree = "<group>";
		};
		B62CDE7C150D53B500A2B191 /* Benchmarks */ = {
			isa = PBXGroup;
			children = (
				B62CDE7D150D53B500A2B191 /* CoreData */,
				B62CDE7F150D53B500A2B191 /* SQLite */,
				B62CDE80150D53E100A2B191 /* Benchmark.h */,
				B62CDE86150D544E00A2B191 /* Benchmark+Private.h */,
				B62CDE81150D53E100A2B191 /* Benchmark.m */,
			);
			path = Benchmarks;
			sourceTree = "<group>";
		};
		B62CDE7D150D53B500A2B191 /* CoreData */ = {
			isa = PBXGroup;
			children = (
				B62CDE89150D59AC00A2B191 /* CoreDataBenchmark.h */,
				B62CDE8A150D59AC00A2B191 /* CoreDataBenchmark.m */,
				B62CDEB9150D69C200A2B191 /* TVGuide.xcdatamodeld */,
				B622F8251514D7930045CBF8 /* TVGuide-norelationships.xcdatamodeld */,
			);
			path = CoreData;
			sourceTree = "<group>";
		};
		B62CDE7F150D53B500A2B191 /* SQLite */ = {
			isa = PBXGroup;
			children = (
				B64B8C161514D91400BB48B7 /* SQLiteBenchmark.h */,
				B64B8C171514D91400BB48B7 /* SQLiteBenchmark.m */,
				B64B8C1A1514D93400BB48B7 /* TVGuide.sql */,
			);
			path = SQLite;
			sourceTree = "<group>";
		};
/* End PBXGroup section */

/* Begin PBXNativeTarget section */
		B60000F915153A850012D82C /* CoreData-Mac */ = {
			isa = PBXNativeTarget;
			buildConfigurationList = B600010A15153A860012D82C /* Build configuration list for PBXNativeTarget "CoreData-Mac" */;
			buildPhases = (
				B60000F615153A850012D82C /* Sources */,
				B60000F715153A850012D82C /* Frameworks */,
				B60000F815153A850012D82C /* CopyFiles */,
			);
			buildRules = (
			);
			dependencies = (
			);
			name = "CoreData-Mac";
			productName = "CoreData-Mac";
			productReference = B60000FA15153A850012D82C /* CoreData-Mac */;
			productType = "com.apple.product-type.tool";
		};
		B62CDE45150D4F0100A2B191 /* Core Data */ = {
			isa = PBXNativeTarget;
			buildConfigurationList = B62CDE5E150D4F0200A2B191 /* Build configuration list for PBXNativeTarget "Core Data" */;
			buildPhases = (
				B622F8221514D5C90045CBF8 /* ShellScript */,
				B62CDE42150D4F0100A2B191 /* Sources */,
				B62CDE43150D4F0100A2B191 /* Frameworks */,
				B62CDE44150D4F0100A2B191 /* Resources */,
			);
			buildRules = (
			);
			dependencies = (
			);
			name = "Core Data";
			productName = "Core Data";
			productReference = B62CDE46150D4F0200A2B191 /* Core Data.app */;
			productType = "com.apple.product-type.application";
		};
/* End PBXNativeTarget section */

/* Begin PBXProject section */
		B62CDE3D150D4F0100A2B191 /* Project object */ = {
			isa = PBXProject;
			attributes = {
				LastUpgradeCheck = 0430;
				ORGANIZATIONNAME = "teapot apps";
			};
			buildConfigurationList = B62CDE40150D4F0100A2B191 /* Build configuration list for PBXProject "CoreData" */;
			compatibilityVersion = "Xcode 3.2";
			developmentRegion = English;
			hasScannedForEncodings = 0;
			knownRegions = (
				en,
			);
			mainGroup = B62CDE3B150D4F0100A2B191;
			productRefGroup = B62CDE47150D4F0200A2B191 /* Products */;
			projectDirPath = "";
			projectRoot = "";
			targets = (
				B62CDE45150D4F0100A2B191 /* Core Data */,
				B60000F915153A850012D82C /* CoreData-Mac */,
			);
		};
/* End PBXProject section */

/* Begin PBXResourcesBuildPhase section */
		B62CDE44150D4F0100A2B191 /* Resources */ = {
			isa = PBXResourcesBuildPhase;
			buildActionMask = 2147483647;
			files = (
				B62CDE78150D505800A2B191 /* BenchmarkViewController.xib in Resources */,
				B64B8C1B1514D93400BB48B7 /* TVGuide.sql in Resources */,
			);
			runOnlyForDeploymentPostprocessing = 0;
		};
/* End PBXResourcesBuildPhase section */

/* Begin PBXShellScriptBuildPhase section */
		B622F8221514D5C90045CBF8 /* ShellScript */ = {
			isa = PBXShellScriptBuildPhase;
			buildActionMask = 2147483647;
			files = (
			);
			inputPaths = (
			);
			outputPaths = (
			);
			runOnlyForDeploymentPostprocessing = 0;
			shellPath = "/bin/sh -ex";
			shellScript = Externals/fetch.sh;
			showEnvVarsInLog = 0;
		};
/* End PBXShellScriptBuildPhase section */

/* Begin PBXSourcesBuildPhase section */
		B60000F615153A850012D82C /* Sources */ = {
			isa = PBXSourcesBuildPhase;
			buildActionMask = 2147483647;
			files = (
				B600010D15153AC30012D82C /* mac-main.m in Sources */,
				B600010E15153B020012D82C /* CoreDataBenchmark.m in Sources */,
				B600010F15153B080012D82C /* TVGuide.xcdatamodeld in Sources */,
				B600011015153B0B0012D82C /* TVGuide-norelationships.xcdatamodeld in Sources */,
				B600011215153B220012D82C /* Benchmark.m in Sources */,
				B600011315153BCC0012D82C /* sqlite3.c in Sources */,
			);
			runOnlyForDeploymentPostprocessing = 0;
		};
		B62CDE42150D4F0100A2B191 /* Sources */ = {
			isa = PBXSourcesBuildPhase;
			buildActionMask = 2147483647;
			files = (
				B62CDE71150D4FAE00A2B191 /* AppDelegate.m in Sources */,
				B62CDE72150D4FAE00A2B191 /* main.m in Sources */,
				B62CDE77150D505800A2B191 /* BenchmarkViewController.m in Sources */,
				B62CDE82150D53E100A2B191 /* Benchmark.m in Sources */,
				B62CDE8B150D59AC00A2B191 /* CoreDataBenchmark.m in Sources */,
				B62CDEBB150D69C200A2B191 /* TVGuide.xcdatamodeld in Sources */,
				B622F7A91514D4820045CBF8 /* sqlite3.c in Sources */,
				B622F8271514D7930045CBF8 /* TVGuide-norelationships.xcdatamodeld in Sources */,
				B64B8C181514D91400BB48B7 /* SQLiteBenchmark.m in Sources */,
			);
			runOnlyForDeploymentPostprocessing = 0;
		};
/* End PBXSourcesBuildPhase section */

/* Begin XCBuildConfiguration section */
		B600010815153A860012D82C /* Debug */ = {
			isa = XCBuildConfiguration;
			buildSettings = {
				ARCHS = "$(ARCHS_STANDARD_64_BIT)";
				GCC_ENABLE_OBJC_EXCEPTIONS = YES;
				MACOSX_DEPLOYMENT_TARGET = 10.7;
				ONLY_ACTIVE_ARCH = YES;
				PRODUCT_NAME = "$(TARGET_NAME)";
				SDKROOT = macosx;
			};
			name = Debug;
		};
		B600010915153A860012D82C /* Release */ = {
			isa = XCBuildConfiguration;
			buildSettings = {
				ARCHS = "$(ARCHS_STANDARD_64_BIT)";
				DEBUG_INFORMATION_FORMAT = "dwarf-with-dsym";
				GCC_ENABLE_OBJC_EXCEPTIONS = YES;
				MACOSX_DEPLOYMENT_TARGET = 10.7;
				PRODUCT_NAME = "$(TARGET_NAME)";
				SDKROOT = macosx;
			};
			name = Release;
		};
		B62CDE5C150D4F0200A2B191 /* Debug */ = {
			isa = XCBuildConfiguration;
			buildSettings = {
				ALWAYS_SEARCH_USER_PATHS = NO;
				ARCHS = (
					i386,
					armv6,
					armv7,
				);
				CLANG_ENABLE_OBJC_ARC = YES;
				CLANG_WARN_IMPLICIT_SIGN_CONVERSION = YES;
				CLANG_WARN_OBJCPP_ARC_ABI = YES;
				CLANG_WARN_OBJC_IMPLICIT_ATOMIC_PROPERTIES = YES;
				CLANG_WARN_SUSPICIOUS_IMPLICIT_CONVERSION = YES;
				"CODE_SIGN_IDENTITY[sdk=iphoneos*]" = "iPhone Developer";
				COPY_PHASE_STRIP = NO;
				GCC_C_LANGUAGE_STANDARD = gnu99;
				GCC_DYNAMIC_NO_PIC = NO;
				GCC_OPTIMIZATION_LEVEL = 0;
				GCC_PREPROCESSOR_DEFINITIONS = (
					"DEBUG=1",
					"$(inherited)",
				);
				GCC_SYMBOLS_PRIVATE_EXTERN = NO;
				GCC_VERSION = com.apple.compilers.llvm.clang.1_0;
				GCC_WARN_64_TO_32_BIT_CONVERSION = YES;
				GCC_WARN_ABOUT_MISSING_FIELD_INITIALIZERS = YES;
				GCC_WARN_ABOUT_MISSING_NEWLINE = YES;
				GCC_WARN_ABOUT_MISSING_PROTOTYPES = YES;
				GCC_WARN_ABOUT_RETURN_TYPE = YES;
				GCC_WARN_INITIALIZER_NOT_FULLY_BRACKETED = YES;
				GCC_WARN_MULTIPLE_DEFINITION_TYPES_FOR_SELECTOR = YES;
				GCC_WARN_PEDANTIC = YES;
				GCC_WARN_SHADOW = YES;
				GCC_WARN_SIGN_COMPARE = YES;
				GCC_WARN_STRICT_SELECTOR_MATCH = YES;
				GCC_WARN_UNDECLARED_SELECTOR = YES;
				GCC_WARN_UNINITIALIZED_AUTOS = YES;
				GCC_WARN_UNKNOWN_PRAGMAS = YES;
				GCC_WARN_UNUSED_FUNCTION = YES;
				GCC_WARN_UNUSED_LABEL = YES;
				GCC_WARN_UNUSED_VARIABLE = YES;
				IPHONEOS_DEPLOYMENT_TARGET = 5.0;
				SDKROOT = iphoneos;
				TARGETED_DEVICE_FAMILY = "1,2";
			};
			name = Debug;
		};
		B62CDE5D150D4F0200A2B191 /* Release */ = {
			isa = XCBuildConfiguration;
			buildSettings = {
				ALWAYS_SEARCH_USER_PATHS = NO;
				ARCHS = (
					i386,
					armv6,
					armv7,
				);
				CLANG_ENABLE_OBJC_ARC = YES;
				CLANG_WARN_IMPLICIT_SIGN_CONVERSION = YES;
				CLANG_WARN_OBJCPP_ARC_ABI = YES;
				CLANG_WARN_OBJC_IMPLICIT_ATOMIC_PROPERTIES = YES;
				CLANG_WARN_SUSPICIOUS_IMPLICIT_CONVERSION = YES;
				"CODE_SIGN_IDENTITY[sdk=iphoneos*]" = "iPhone Developer";
				COPY_PHASE_STRIP = YES;
				GCC_C_LANGUAGE_STANDARD = gnu99;
				GCC_VERSION = com.apple.compilers.llvm.clang.1_0;
				GCC_WARN_64_TO_32_BIT_CONVERSION = YES;
				GCC_WARN_ABOUT_MISSING_FIELD_INITIALIZERS = YES;
				GCC_WARN_ABOUT_MISSING_NEWLINE = YES;
				GCC_WARN_ABOUT_MISSING_PROTOTYPES = YES;
				GCC_WARN_ABOUT_RETURN_TYPE = YES;
				GCC_WARN_INITIALIZER_NOT_FULLY_BRACKETED = YES;
				GCC_WARN_MULTIPLE_DEFINITION_TYPES_FOR_SELECTOR = YES;
				GCC_WARN_PEDANTIC = YES;
				GCC_WARN_SHADOW = YES;
				GCC_WARN_SIGN_COMPARE = YES;
				GCC_WARN_STRICT_SELECTOR_MATCH = YES;
				GCC_WARN_UNDECLARED_SELECTOR = YES;
				GCC_WARN_UNINITIALIZED_AUTOS = YES;
				GCC_WARN_UNKNOWN_PRAGMAS = YES;
				GCC_WARN_UNUSED_FUNCTION = YES;
				GCC_WARN_UNUSED_LABEL = YES;
				GCC_WARN_UNUSED_VARIABLE = YES;
				IPHONEOS_DEPLOYMENT_TARGET = 5.0;
				OTHER_CFLAGS = "-DNS_BLOCK_ASSERTIONS=1";
				SDKROOT = iphoneos;
				TARGETED_DEVICE_FAMILY = "1,2";
				VALIDATE_PRODUCT = YES;
			};
			name = Release;
		};
		B62CDE5F150D4F0200A2B191 /* Debug */ = {
			isa = XCBuildConfiguration;
			buildSettings = {
				INFOPLIST_FILE = Resources/Info.plist;
				PRODUCT_NAME = "$(TARGET_NAME)";
				WRAPPER_EXTENSION = app;
			};
			name = Debug;
		};
		B62CDE60150D4F0200A2B191 /* Release */ = {
			isa = XCBuildConfiguration;
			buildSettings = {
				INFOPLIST_FILE = Resources/Info.plist;
				PRODUCT_NAME = "$(TARGET_NAME)";
				WRAPPER_EXTENSION = app;
			};
			name = Release;
		};
/* End XCBuildConfiguration section */

/* Begin XCConfigurationList section */
		B600010A15153A860012D82C /* Build configuration list for PBXNativeTarget "CoreData-Mac" */ = {
			isa = XCConfigurationList;
			buildConfigurations = (
				B600010815153A860012D82C /* Debug */,
				B600010915153A860012D82C /* Release */,
			);
			defaultConfigurationIsVisible = 0;
		};
		B62CDE40150D4F0100A2B191 /* Build configuration list for PBXProject "CoreData" */ = {
			isa = XCConfigurationList;
			buildConfigurations = (
				B62CDE5C150D4F0200A2B191 /* Debug */,
				B62CDE5D150D4F0200A2B191 /* Release */,
			);
			defaultConfigurationIsVisible = 0;
			defaultConfigurationName = Release;
		};
		B62CDE5E150D4F0200A2B191 /* Build configuration list for PBXNativeTarget "Core Data" */ = {
			isa = XCConfigurationList;
			buildConfigurations = (
				B62CDE5F150D4F0200A2B191 /* Debug */,
				B62CDE60150D4F0200A2B191 /* Release */,
			);
			defaultConfigurationIsVisible = 0;
			defaultConfigurationName = Release;
		};
/* End XCConfigurationList section */

/* Begin XCVersionGroup section */
		B622F8251514D7930045CBF8 /* TVGuide-norelationships.xcdatamodeld */ = {
			isa = XCVersionGroup;
			children = (
				B622F8261514D7930045CBF8 /* TVGuide-norelationships.xcdatamodel */,
			);
			currentVersion = B622F8261514D7930045CBF8 /* TVGuide-norelationships.xcdatamodel */;
			path = "TVGuide-norelationships.xcdatamodeld";
			sourceTree = "<group>";
			versionGroupType = wrapper.xcdatamodel;
		};
		B62CDEB9150D69C200A2B191 /* TVGuide.xcdatamodeld */ = {
			isa = XCVersionGroup;
			children = (
				B62CDEBA150D69C200A2B191 /* TVGuide.xcdatamodel */,
			);
			currentVersion = B62CDEBA150D69C200A2B191 /* TVGuide.xcdatamodel */;
			path = TVGuide.xcdatamodeld;
			sourceTree = "<group>";
			versionGroupType = wrapper.xcdatamodel;
		};
/* End XCVersionGroup section */
	};
	rootObject = B62CDE3D150D4F0100A2B191 /* Project object */;
}
